
Microsoft Visual Studio Solution File, Format Version 12.00
# Visual Studio 15
VisualStudioVersion = 15.0.27130.2027
MinimumVisualStudioVersion = 10.0.40219.1
Project("{9A19103F-16F7-4668-BE54-9A1E7A4F7556}") = "AMMS", "AMMS\AMMS.csproj", "{B791FFAB-987E-4788-9E87-10836D57BD4D}"
EndProject
Project("{FAE04EC0-301F-11D3-BF4B-00C04F79EFBC}") = "AMMS.Tests", "AMMS.Tests\AMMS.Tests.csproj", "{D546FB53-25C6-4B28-BE30-D342C5F14EA9}"
EndProject
Global
	GlobalSection(SolutionConfigurationPlatforms) = preSolution
		Debug|Any CPU = Debug|Any CPU
		Release|Any CPU = Release|Any CPU
	EndGlobalSection
	GlobalSection(ProjectConfigurationPlatforms) = postSolution
		{B791FFAB-987E-4788-9E87-10836D57BD4D}.Debug|Any CPU.ActiveCfg = Debug|Any CPU
		{B791FFAB-987E-4788-9E87-10836D57BD4D}.Debug|Any CPU.Build.0 = Debug|Any CPU
		{B791FFAB-987E-4788-9E87-10836D57BD4D}.Release|Any CPU.ActiveCfg = Release|Any CPU
		{B791FFAB-987E-4788-9E87-10836D57BD4D}.Release|Any CPU.Build.0 = Release|Any CPU
		{D546FB53-25C6-4B28-BE30-D342C5F14EA9}.Debug|Any CPU.ActiveCfg = Debug|Any CPU
		{D546FB53-25C6-4B28-BE30-D342C5F14EA9}.Debug|Any CPU.Build.0 = Debug|Any CPU
		{D546FB53-25C6-4B28-BE30-D342C5F14EA9}.Release|Any CPU.ActiveCfg = Release|Any CPU
		{D546FB53-25C6-4B28-BE30-D342C5F14EA9}.Release|Any CPU.Build.0 = Release|Any CPU
	EndGlobalSection
	GlobalSection(SolutionProperties) = preSolution
		HideSolutionNode = FALSE
	EndGlobalSection
	GlobalSection(ExtensibilityGlobals) = postSolution
		SolutionGuid = {7F56F770-2B8F-4E8F-8B4E-154CB3E12E0B}
	EndGlobalSection
EndGlobal
